lockfileVersion: '9.0'

settings:
  autoInstallPeers: true
  excludeLinksFromLockfile: false

importers:

  .: {}

  packages/cli: {}

  packages/eval-harness: {}

  packages/installer: {}

  packages/openclaw-integration: {}

  packages/openclaw-plugin: {}

  packages/proof-store: {}

  packages/results-schema: {}

  packages/results-site: {}

  packages/runtime-policy: {}
